
Microsoft Visual Studio Solution File, Format Version 12.00
# Visual Studio Version 17
VisualStudioVersion = 17.0.31919.166
MinimumVisualStudioVersion = 10.0.40219.1
Project("{FAE04EC0-301F-11D3-BF4B-00C04F79EFBC}") = "Day 01", "Day 01\Day 01.csproj", "{F7837478-0D45-4AE7-A8D4-B969ED570F2D}"
EndProject
Project("{FAE04EC0-301F-11D3-BF4B-00C04F79EFBC}") = "Day 02", "Day 02\Day 02.csproj", "{799B787F-960C-42C6-9311-D5F683996223}"
EndProject
Project("{FAE04EC0-301F-11D3-BF4B-00C04F79EFBC}") = "Day 03", "Day 03\Day 03.csproj", "{522712A9-E96E-41DC-B0DB-9905017DC539}"
EndProject
Project("{FAE04EC0-301F-11D3-BF4B-00C04F79EFBC}") = "Day 04", "Day 04\Day 04.csproj", "{F8CEA46D-A8FC-4A8D-A747-EE9827B9F45F}"
EndProject
Project("{FAE04EC0-301F-11D3-BF4B-00C04F79EFBC}") = "Day 05", "Day 05\Day 05.csproj", "{655EE98B-90EB-4B54-8AB3-02DBB52EF241}"
EndProject
Project("{FAE04EC0-301F-11D3-BF4B-00C04F79EFBC}") = "Day 06", "Day 06\Day 06.csproj", "{B39CD1D4-8E11-4072-92D7-D0240722D03D}"
EndProject
Global
	GlobalSection(SolutionConfigurationPlatforms) = preSolution
		Debug|Any CPU = Debug|Any CPU
		Release|Any CPU = Release|Any CPU
	EndGlobalSection
	GlobalSection(ProjectConfigurationPlatforms) = postSolution
		{F7837478-0D45-4AE7-A8D4-B969ED570F2D}.Debug|Any CPU.ActiveCfg = Debug|Any CPU
		{F7837478-0D45-4AE7-A8D4-B969ED570F2D}.Debug|Any CPU.Build.0 = Debug|Any CPU
		{F7837478-0D45-4AE7-A8D4-B969ED570F2D}.Release|Any CPU.ActiveCfg = Release|Any CPU
		{F7837478-0D45-4AE7-A8D4-B969ED570F2D}.Release|Any CPU.Build.0 = Release|Any CPU
		{799B787F-960C-42C6-9311-D5F683996223}.Debug|Any CPU.ActiveCfg = Debug|Any CPU
		{799B787F-960C-42C6-9311-D5F683996223}.Debug|Any CPU.Build.0 = Debug|Any CPU
		{799B787F-960C-42C6-9311-D5F683996223}.Release|Any CPU.ActiveCfg = Release|Any CPU
		{799B787F-960C-42C6-9311-D5F683996223}.Release|Any CPU.Build.0 = Release|Any CPU
		{522712A9-E96E-41DC-B0DB-9905017DC539}.Debug|Any CPU.ActiveCfg = Debug|Any CPU
		{522712A9-E96E-41DC-B0DB-9905017DC539}.Debug|Any CPU.Build.0 = Debug|Any CPU
		{522712A9-E96E-41DC-B0DB-9905017DC539}.Release|Any CPU.ActiveCfg = Release|Any CPU
		{522712A9-E96E-41DC-B0DB-9905017DC539}.Release|Any CPU.Build.0 = Release|Any CPU
		{F8CEA46D-A8FC-4A8D-A747-EE9827B9F45F}.Debug|Any CPU.ActiveCfg = Debug|Any CPU
		{F8CEA46D-A8FC-4A8D-A747-EE9827B9F45F}.Debug|Any CPU.Build.0 = Debug|Any CPU
		{F8CEA46D-A8FC-4A8D-A747-EE9827B9F45F}.Release|Any CPU.ActiveCfg = Release|Any CPU
		{F8CEA46D-A8FC-4A8D-A747-EE9827B9F45F}.Release|Any CPU.Build.0 = Release|Any CPU
		{655EE98B-90EB-4B54-8AB3-02DBB52EF241}.Debug|Any CPU.ActiveCfg = Debug|Any CPU
		{655EE98B-90EB-4B54-8AB3-02DBB52EF241}.Debug|Any CPU.Build.0 = Debug|Any CPU
		{655EE98B-90EB-4B54-8AB3-02DBB52EF241}.Release|Any CPU.ActiveCfg = Release|Any CPU
		{655EE98B-90EB-4B54-8AB3-02DBB52EF241}.Release|Any CPU.Build.0 = Release|Any CPU
		{B39CD1D4-8E11-4072-92D7-D0240722D03D}.Debug|Any CPU.ActiveCfg = Debug|Any CPU
		{B39CD1D4-8E11-4072-92D7-D0240722D03D}.Debug|Any CPU.Build.0 = Debug|Any CPU
		{B39CD1D4-8E11-4072-92D7-D0240722D03D}.Release|Any CPU.ActiveCfg = Release|Any CPU
		{B39CD1D4-8E11-4072-92D7-D0240722D03D}.Release|Any CPU.Build.0 = Release|Any CPU
	EndGlobalSection
	GlobalSection(SolutionProperties) = preSolution
		HideSolutionNode = FALSE
	EndGlobalSection
	GlobalSection(ExtensibilityGlobals) = postSolution
		SolutionGuid = {9CC4FCFA-5FB2-439F-9935-A2FB186C9D64}
	EndGlobalSection
EndGlobal
